
Microsoft Visual Studio Solution File, Format Version 11.00
# Visual Studio 2010
Project("{FAE04EC0-301F-11D3-BF4B-00C04F79EFBC}") = "Statechart", "Statechart\Statechart.csproj", "{B64C2309-D92E-4AE5-83A9-3F8D86A04B60}"
EndProject
Global
	GlobalSection(SolutionConfigurationPlatforms) = preSolution
		Debug|Any CPU = Debug|Any CPU
		Release|Any CPU = Release|Any CPU
	EndGlobalSection
	GlobalSection(ProjectConfigurationPlatforms) = postSolution
		{B64C2309-D92E-4AE5-83A9-3F8D86A04B60}.Debug|Any CPU.ActiveCfg = Debug|Any CPU
		{B64C2309-D92E-4AE5-83A9-3F8D86A04B60}.Debug|Any CPU.Build.0 = Debug|Any CPU
		{B64C2309-D92E-4AE5-83A9-3F8D86A04B60}.Release|Any CPU.ActiveCfg = Release|Any CPU
		{B64C2309-D92E-4AE5-83A9-3F8D86A04B60}.Release|Any CPU.Build.0 = Release|Any CPU
	EndGlobalSection
	GlobalSection(SolutionProperties) = preSolution
		HideSolutionNode = FALSE
	EndGlobalSection
EndGlobal
